
Microsoft Visual Studio Solution File, Format Version 12.00
# Visual Studio Version 17
VisualStudioVersion = 17.12.35707.178
MinimumVisualStudioVersion = 10.0.40219.1
Project("{FAE04EC0-301F-11D3-BF4B-00C04F79EFBC}") = "AM.UI.Console", "AM.UI.Console\AM.UI.Console.csproj", "{EE5876D6-0EA0-4E26-8ADE-49A873881080}"
EndProject
Project("{FAE04EC0-301F-11D3-BF4B-00C04F79EFBC}") = "AM.ApplicationCore", "AM.ApplicationCore\AM.ApplicationCore.csproj", "{10F9FCB5-B104-4DA7-AE87-143299D51B6F}"
EndProject
Project("{FAE04EC0-301F-11D3-BF4B-00C04F79EFBC}") = "AM.Infrastructure", "AM.Infrastructure\AM.Infrastructure.csproj", "{2B373BF9-B05A-4552-8989-068EB183752B}"
EndProject
Global
	GlobalSection(SolutionConfigurationPlatforms) = preSolution
		Debug|Any CPU = Debug|Any CPU
		Release|Any CPU = Release|Any CPU
	EndGlobalSection
	GlobalSection(ProjectConfigurationPlatforms) = postSolution
		{EE5876D6-0EA0-4E26-8ADE-49A873881080}.Debug|Any CPU.ActiveCfg = Debug|Any CPU
		{EE5876D6-0EA0-4E26-8ADE-49A873881080}.Debug|Any CPU.Build.0 = Debug|Any CPU
		{EE5876D6-0EA0-4E26-8ADE-49A873881080}.Release|Any CPU.ActiveCfg = Release|Any CPU
		{EE5876D6-0EA0-4E26-8ADE-49A873881080}.Release|Any CPU.Build.0 = Release|Any CPU
		{10F9FCB5-B104-4DA7-AE87-143299D51B6F}.Debug|Any CPU.ActiveCfg = Debug|Any CPU
		{10F9FCB5-B104-4DA7-AE87-143299D51B6F}.Debug|Any CPU.Build.0 = Debug|Any CPU
		{10F9FCB5-B104-4DA7-AE87-143299D51B6F}.Release|Any CPU.ActiveCfg = Release|Any CPU
		{10F9FCB5-B104-4DA7-AE87-143299D51B6F}.Release|Any CPU.Build.0 = Release|Any CPU
		{2B373BF9-B05A-4552-8989-068EB183752B}.Debug|Any CPU.ActiveCfg = Debug|Any CPU
		{2B373BF9-B05A-4552-8989-068EB183752B}.Debug|Any CPU.Build.0 = Debug|Any CPU
		{2B373BF9-B05A-4552-8989-068EB183752B}.Release|Any CPU.ActiveCfg = Release|Any CPU
		{2B373BF9-B05A-4552-8989-068EB183752B}.Release|Any CPU.Build.0 = Release|Any CPU
	EndGlobalSection
	GlobalSection(SolutionProperties) = preSolution
		HideSolutionNode = FALSE
	EndGlobalSection
EndGlobal
